# This file is automatically @generated by Cargo.
# It is not intended for manual editing.
version = 3

[[package]]
name = "bmp-monochrome"
version = "1.0.0"
source = "registry+https://github.com/rust-lang/crates.io-index"
checksum = "20d6cb57b1d1fdfd8776dadae804336b7260e23409f14c46df571ae12bad80c1"

[[package]]
name = "qr_code"
version = "1.1.0"
source = "registry+https://github.com/rust-lang/crates.io-index"
checksum = "5520fbcd7da152a449261c5a533a1c7fad044e9e8aa9528cfec3f464786c7926"
dependencies = [
 "bmp-monochrome",
]

[[package]]
name = "rustqr"
version = "0.1.0"
dependencies = [
 "qr_code",
]
